// !$*UTF8*$!
{
	archiveVersion = 1;
	classes = {
	};
	objectVersion = 46;
	objects = {

/* Begin PBXBuildFile section */
		526DC345196EE19500178F93 /* Foundation.framework in Frameworks */ = {isa = PBXBuildFile; fileRef = 526DC344196EE19500178F93 /* Foundation.framework */; };
		526DC347196EE19500178F93 /* CoreGraphics.framework in Frameworks */ = {isa = PBXBuildFile; fileRef = 526DC346196EE19500178F93 /* CoreGraphics.framework */; };
		526DC349196EE19500178F93 /* UIKit.framework in Frameworks */ = {isa = PBXBuildFile; fileRef = 526DC348196EE19500178F93 /* UIKit.framework */; };
		526DC34F196EE19500178F93 /* InfoPlist.strings in Resources */ = {isa = PBXBuildFile; fileRef = 526DC34D196EE19500178F93 /* InfoPlist.strings */; };
		526DC351196EE19500178F93 /* main.m in Sources */ = {isa = PBXBuildFile; fileRef = 526DC350196EE19500178F93 /* main.m */; };
		526DC355196EE19500178F93 /* CSAppDelegate.m in Sources */ = {isa = PBXBuildFile; fileRef = 526DC354196EE19500178F93 /* CSAppDelegate.m */; };
		526DC358196EE19500178F93 /* Main.storyboard in Resources */ = {isa = PBXBuildFile; fileRef = 526DC356196EE19500178F93 /* Main.storyboard */; };
		526DC35D196EE19500178F93 /* Images.xcassets in Resources */ = {isa = PBXBuildFile; fileRef = 526DC35C196EE19500178F93 /* Images.xcassets */; };
		526DC364196EE19500178F93 /* XCTest.framework in Frameworks */ = {isa = PBXBuildFile; fileRef = 526DC363196EE19500178F93 /* XCTest.framework */; };
		526DC365196EE19500178F93 /* Foundation.framework in Frameworks */ = {isa = PBXBuildFile; fileRef = 526DC344196EE19500178F93 /* Foundation.framework */; };
		526DC366196EE19500178F93 /* UIKit.framework in Frameworks */ = {isa = PBXBuildFile; fileRef = 526DC348196EE19500178F93 /* UIKit.framework */; };
		526DC36E196EE19500178F93 /* InfoPlist.strings in Resources */ = {isa = PBXBuildFile; fileRef = 526DC36C196EE19500178F93 /* InfoPlist.strings */; };
		526DC370196EE19500178F93 /* UITableController_Challenge_SolutionTests.m in Sources */ = {isa = PBXBuildFile; fileRef = 526DC36F196EE19500178F93 /* UITableController_Challenge_SolutionTests.m */; };
		526DC381196EE50500178F93 /* TableViewCon.m in Sources */ = {isa = PBXBuildFile; fileRef = 526DC380196EE50500178F93 /* TableViewCon.m */; };
/* End PBXBuildFile section */

/* Begin PBXContainerItemProxy section */
		526DC367196EE19500178F93 /* PBXContainerItemProxy */ = {
			isa = PBXContainerItemProxy;
			containerPortal = 526DC339196EE19500178F93 /* Project object */;
			proxyType = 1;
			remoteGlobalIDString = 526DC340196EE19500178F93;
			remoteInfo = "UITableController Challenge Solution";
		};
/* End PBXContainerItemProxy section */

/* Begin PBXFileReference section */
		526DC341196EE19500178F93 /* UITableController Challenge Solution.app */ = {isa = PBXFileReference; explicitFileType = wrapper.application; includeInIndex = 0; path = "UITableController Challenge Solution.app"; sourceTree = BUILT_PRODUCTS_DIR; };
		526DC344196EE19500178F93 /* Foundation.framework */ = {isa = PBXFileReference; lastKnownFileType = wrapper.framework; name = Foundation.framework; path = System/Library/Frameworks/Foundation.framework; sourceTree = SDKROOT; };
		526DC346196EE19500178F93 /* CoreGraphics.framework */ = {isa = PBXFileReference; lastKnownFileType = wrapper.framework; name = CoreGraphics.framework; path = System/Library/Frameworks/CoreGraphics.framework; sourceTree = SDKROOT; };
		526DC348196EE19500178F93 /* UIKit.framework */ = {isa = PBXFileReference; lastKnownFileType = wrapper.framework; name = UIKit.framework; path = System/Library/Frameworks/UIKit.framework; sourceTree = SDKROOT; };
		526DC34C196EE19500178F93 /* UITableController Challenge Solution-Info.plist */ = {isa = PBXFileReference; lastKnownFileType = text.plist.xml; path = "UITableController Challenge Solution-Info.plist"; sourceTree = "<group>"; };
		526DC34E196EE19500178F93 /* en */ = {isa = PBXFileReference; lastKnownFileType = text.plist.strings; name = en; path = en.lproj/InfoPlist.strings; sourceTree = "<group>"; };
		526DC350196EE19500178F93 /* main.m */ = {isa = PBXFileReference; lastKnownFileType = sourcecode.c.objc; path = main.m; sourceTree = "<group>"; };
		526DC352196EE19500178F93 /* UITableController Challenge Solution-Prefix.pch */ = {isa = PBXFileReference; lastKnownFileType = sourcecode.c.h; path = "UITableController Challenge Solution-Prefix.pch"; sourceTree = "<group>"; };
		526DC353196EE19500178F93 /* CSAppDelegate.h */ = {isa = PBXFileReference; lastKnownFileType = sourcecode.c.h; path = CSAppDelegate.h; sourceTree = "<group>"; };
		526DC354196EE19500178F93 /* CSAppDelegate.m */ = {isa = PBXFileReference; lastKnownFileType = sourcecode.c.objc; path = CSAppDelegate.m; sourceTree = "<group>"; };
		526DC357196EE19500178F93 /* Base */ = {isa = PBXFileReference; lastKnownFileType = file.storyboard; name = Base; path = Base.lproj/Main.storyboard; sourceTree = "<group>"; };
		526DC35C196EE19500178F93 /* Images.xcassets */ = {isa = PBXFileReference; lastKnownFileType = folder.assetcatalog; path = Images.xcassets; sourceTree = "<group>"; };
		526DC362196EE19500178F93 /* UITableController Challenge SolutionTests.xctest */ = {isa = PBXFileReference; explicitFileType = wrapper.cfbundle; includeInIndex = 0; path = "UITableController Challenge SolutionTests.xctest"; sourceTree = BUILT_PRODUCTS_DIR; };
		526DC363196EE19500178F93 /* XCTest.framework */ = {isa = PBXFileReference; lastKnownFileType = wrapper.framework; name = XCTest.framework; path = Library/Frameworks/XCTest.framework; sourceTree = DEVELOPER_DIR; };
		526DC36B196EE19500178F93 /* UITableController Challenge SolutionTests-Info.plist */ = {isa = PBXFileReference; lastKnownFileType = text.plist.xml; path = "UITableController Challenge SolutionTests-Info.plist"; sourceTree = "<group>"; };
		526DC36D196EE19500178F93 /* en */ = {isa = PBXFileReference; lastKnownFileType = text.plist.strings; name = en; path = en.lproj/InfoPlist.strings; sourceTree = "<group>"; };
		526DC36F196EE19500178F93 /* UITableController_Challenge_SolutionTests.m */ = {isa = PBXFileReference; lastKnownFileType = sourcecode.c.objc; path = UITableController_Challenge_SolutionTests.m; sourceTree = "<group>"; };
		526DC37F196EE50500178F93 /* TableViewCon.h */ = {isa = PBXFileReference; fileEncoding = 4; lastKnownFileType = sourcecode.c.h; name = TableViewCon.h; path = ../TableViewCon.h; sourceTree = "<group>"; };
		526DC380196EE50500178F93 /* TableViewCon.m */ = {isa = PBXFileReference; fileEncoding = 4; lastKnownFileType = sourcecode.c.objc; name = TableViewCon.m; path = ../TableViewCon.m; sourceTree = "<group>"; };
/* End PBXFileReference section */

/* Begin PBXFrameworksBuildPhase section */
		526DC33E196EE19500178F93 /* Frameworks */ = {
			isa = PBXFrameworksBuildPhase;
			buildActionMask = 2147483647;
			files = (
				526DC347196EE19500178F93 /* CoreGraphics.framework in Frameworks */,
				526DC349196EE19500178F93 /* UIKit.framework in Frameworks */,
				526DC345196EE19500178F93 /* Foundation.framework in Frameworks */,
			);
			runOnlyForDeploymentPostprocessing = 0;
		};
		526DC35F196EE19500178F93 /* Frameworks */ = {
			isa = PBXFrameworksBuildPhase;
			buildActionMask = 2147483647;
			files = (
				526DC364196EE19500178F93 /* XCTest.framework in Frameworks */,
				526DC366196EE19500178F93 /* UIKit.framework in Frameworks */,
				526DC365196EE19500178F93 /* Foundation.framework in Frameworks */,
			);
			runOnlyForDeploymentPostprocessing = 0;
		};
/* End PBXFrameworksBuildPhase section */

/* Begin PBXGroup section */
		526DC338196EE19500178F93 = {
			isa = PBXGroup;
			children = (
				526DC34A196EE19500178F93 /* UITableController Challenge Solution */,
				526DC369196EE19500178F93 /* UITableController Challenge SolutionTests */,
				526DC343196EE19500178F93 /* Frameworks */,
				526DC342196EE19500178F93 /* Products */,
			);
			sourceTree = "<group>";
		};
		526DC342196EE19500178F93 /* Products */ = {
			isa = PBXGroup;
			children = (
				526DC341196EE19500178F93 /* UITableController Challenge Solution.app */,
				526DC362196EE19500178F93 /* UITableController Challenge SolutionTests.xctest */,
			);
			name = Products;
			sourceTree = "<group>";
		};
		526DC343196EE19500178F93 /* Frameworks */ = {
			isa = PBXGroup;
			children = (
				526DC344196EE19500178F93 /* Foundation.framework */,
				526DC346196EE19500178F93 /* CoreGraphics.framework */,
				526DC348196EE19500178F93 /* UIKit.framework */,
				526DC363196EE19500178F93 /* XCTest.framework */,
			);
			name = Frameworks;
			sourceTree = "<group>";
		};
		526DC34A196EE19500178F93 /* UITableController Challenge Solution */ = {
			isa = PBXGroup;
			children = (
				526DC353196EE19500178F93 /* CSAppDelegate.h */,
				526DC354196EE19500178F93 /* CSAppDelegate.m */,
				526DC356196EE19500178F93 /* Main.storyboard */,
				526DC37F196EE50500178F93 /* TableViewCon.h */,
				526DC380196EE50500178F93 /* TableViewCon.m */,
				526DC35C196EE19500178F93 /* Images.xcassets */,
				526DC34B196EE19500178F93 /* Supporting Files */,
			);
			path = "UITableController Challenge Solution";
			sourceTree = "<group>";
		};
		526DC34B196EE19500178F93 /* Supporting Files */ = {
			isa = PBXGroup;
			children = (
				526DC34C196EE19500178F93 /* UITableController Challenge Solution-Info.plist */,
				526DC34D196EE19500178F93 /* InfoPlist.strings */,
				526DC350196EE19500178F93 /* main.m */,
				526DC352196EE19500178F93 /* UITableController Challenge Solution-Prefix.pch */,
			);
			name = "Supporting Files";
			sourceTree = "<group>";
		};
		526DC369196EE19500178F93 /* UITableController Challenge SolutionTests */ = {
			isa = PBXGroup;
			children = (
				526DC36F196EE19500178F93 /* UITableController_Challenge_SolutionTests.m */,
				526DC36A196EE19500178F93 /* Supporting Files */,
			);
			path = "UITableController Challenge SolutionTests";
			sourceTree = "<group>";
		};
		526DC36A196EE19500178F93 /* Supporting Files */ = {
			isa = PBXGroup;
			children = (
				526DC36B196EE19500178F93 /* UITableController Challenge SolutionTests-Info.plist */,
				526DC36C196EE19500178F93 /* InfoPlist.strings */,
			);
			name = "Supporting Files";
			sourceTree = "<group>";
		};
/* End PBXGroup section */

/* Begin PBXNativeTarget section */
		526DC340196EE19500178F93 /* UITableController Challenge Solution */ = {
			isa = PBXNativeTarget;
			buildConfigurationList = 526DC373196EE19500178F93 /* Build configuration list for PBXNativeTarget "UITableController Challenge Solution" */;
			buildPhases = (
				526DC33D196EE19500178F93 /* Sources */,
				526DC33E196EE19500178F93 /* Frameworks */,
				526DC33F196EE19500178F93 /* Resources */,
			);
			buildRules = (
			);
			dependencies = (
			);
			name = "UITableController Challenge Solution";
			productName = "UITableController Challenge Solution";
			productReference = 526DC341196EE19500178F93 /* UITableController Challenge Solution.app */;
			productType = "com.apple.product-type.application";
		};
		526DC361196EE19500178F93 /* UITableController Challenge SolutionTests */ = {
			isa = PBXNativeTarget;
			buildConfigurationList = 526DC376196EE19500178F93 /* Build configuration list for PBXNativeTarget "UITableController Challenge SolutionTests" */;
			buildPhases = (
				526DC35E196EE19500178F93 /* Sources */,
				526DC35F196EE19500178F93 /* Frameworks */,
				526DC360196EE19500178F93 /* Resources */,
			);
			buildRules = (
			);
			dependencies = (
				526DC368196EE19500178F93 /* PBXTargetDependency */,
			);
			name = "UITableController Challenge SolutionTests";
			productName = "UITableController Challenge SolutionTests";
			productReference = 526DC362196EE19500178F93 /* UITableController Challenge SolutionTests.xctest */;
			productType = "com.apple.product-type.bundle.unit-test";
		};
/* End PBXNativeTarget section */

/* Begin PBXProject section */
		526DC339196EE19500178F93 /* Project object */ = {
			isa = PBXProject;
			attributes = {
				CLASSPREFIX = CS;
				LastUpgradeCheck = 0510;
				ORGANIZATIONNAME = Andy;
				TargetAttributes = {
					526DC361196EE19500178F93 = {
						TestTargetID = 526DC340196EE19500178F93;
					};
				};
			};
			buildConfigurationList = 526DC33C196EE19500178F93 /* Build configuration list for PBXProject "UITableController Challenge Solution" */;
			compatibilityVersion = "Xcode 3.2";
			developmentRegion = English;
			hasScannedForEncodings = 0;
			knownRegions = (
				en,
				Base,
			);
			mainGroup = 526DC338196EE19500178F93;
			productRefGroup = 526DC342196EE19500178F93 /* Products */;
			projectDirPath = "";
			projectRoot = "";
			targets = (
				526DC340196EE19500178F93 /* UITableController Challenge Solution */,
				526DC361196EE19500178F93 /* UITableController Challenge SolutionTests */,
			);
		};
/* End PBXProject section */

/* Begin PBXResourcesBuildPhase section */
		526DC33F196EE19500178F93 /* Resources */ = {
			isa = PBXResourcesBuildPhase;
			buildActionMask = 2147483647;
			files = (
				526DC35D196EE19500178F93 /* Images.xcassets in Resources */,
				526DC34F196EE19500178F93 /* InfoPlist.strings in Resources */,
				526DC358196EE19500178F93 /* Main.storyboard in Resources */,
			);
			runOnlyForDeploymentPostprocessing = 0;
		};
		526DC360196EE19500178F93 /* Resources */ = {
			isa = PBXResourcesBuildPhase;
			buildActionMask = 2147483647;
			files = (
				526DC36E196EE19500178F93 /* InfoPlist.strings in Resources */,
			);
			runOnlyForDeploymentPostprocessing = 0;
		};
/* End PBXResourcesBuildPhase section */

/* Begin PBXSourcesBuildPhase section */
		526DC33D196EE19500178F93 /* Sources */ = {
			isa = PBXSourcesBuildPhase;
			buildActionMask = 2147483647;
			files = (
				526DC355196EE19500178F93 /* CSAppDelegate.m in Sources */,
				526DC351196EE19500178F93 /* main.m in Sources */,
				526DC381196EE50500178F93 /* TableViewCon.m in Sources */,
			);
			runOnlyForDeploymentPostprocessing = 0;
		};
		526DC35E196EE19500178F93 /* Sources */ = {
			isa = PBXSourcesBuildPhase;
			buildActionMask = 2147483647;
			files = (
				526DC370196EE19500178F93 /* UITableController_Challenge_SolutionTests.m in Sources */,
			);
			runOnlyForDeploymentPostprocessing = 0;
		};
/* End PBXSourcesBuildPhase section */

/* Begin PBXTargetDependency section */
		526DC368196EE19500178F93 /* PBXTargetDependency */ = {
			isa = PBXTargetDependency;
			target = 526DC340196EE19500178F93 /* UITableController Challenge Solution */;
			targetProxy = 526DC367196EE19500178F93 /* PBXContainerItemProxy */;
		};
/* End PBXTargetDependency section */

/* Begin PBXVariantGroup section */
		526DC34D196EE19500178F93 /* InfoPlist.strings */ = {
			isa = PBXVariantGroup;
			children = (
				526DC34E196EE19500178F93 /* en */,
			);
			name = InfoPlist.strings;
			sourceTree = "<group>";
		};
		526DC356196EE19500178F93 /* Main.storyboard */ = {
			isa = PBXVariantGroup;
			children = (
				526DC357196EE19500178F93 /* Base */,
			);
			name = Main.storyboard;
			sourceTree = "<group>";
		};
		526DC36C196EE19500178F93 /* InfoPlist.strings */ = {
			isa = PBXVariantGroup;
			children = (
				526DC36D196EE19500178F93 /* en */,
			);
			name = InfoPlist.strings;
			sourceTree = "<group>";
		};
/* End PBXVariantGroup section */

/* Begin XCBuildConfiguration section */
		526DC371196EE19500178F93 /* Debug */ = {
			isa = XCBuildConfiguration;
			buildSettings = {
				ALWAYS_SEARCH_USER_PATHS = NO;
				CLANG_CXX_LANGUAGE_STANDARD = "gnu++0x";
				CLANG_CXX_LIBRARY = "libc++";
				CLANG_ENABLE_MODULES = YES;
				CLANG_ENABLE_OBJC_ARC = YES;
				CLANG_WARN_BOOL_CONVERSION = YES;
				CLANG_WARN_CONSTANT_CONVERSION = YES;
				CLANG_WARN_DIRECT_OBJC_ISA_USAGE = YES_ERROR;
				CLANG_WARN_EMPTY_BODY = YES;
				CLANG_WARN_ENUM_CONVERSION = YES;
				CLANG_WARN_INT_CONVERSION = YES;
				CLANG_WARN_OBJC_ROOT_CLASS = YES_ERROR;
				CLANG_WARN__DUPLICATE_METHOD_MATCH = YES;
				"CODE_SIGN_IDENTITY[sdk=iphoneos*]" = "iPhone Developer";
				COPY_PHASE_STRIP = NO;
				GCC_C_LANGUAGE_STANDARD = gnu99;
				GCC_DYNAMIC_NO_PIC = NO;
				GCC_OPTIMIZATION_LEVEL = 0;
				GCC_PREPROCESSOR_DEFINITIONS = (
					"DEBUG=1",
					"$(inherited)",
				);
				GCC_SYMBOLS_PRIVATE_EXTERN = NO;
				GCC_WARN_64_TO_32_BIT_CONVERSION = YES;
				GCC_WARN_ABOUT_RETURN_TYPE = YES_ERROR;
				GCC_WARN_UNDECLARED_SELECTOR = YES;
				GCC_WARN_UNINITIALIZED_AUTOS = YES_AGGRESSIVE;
				GCC_WARN_UNUSED_FUNCTION = YES;
				GCC_WARN_UNUSED_VARIABLE = YES;
				IPHONEOS_DEPLOYMENT_TARGET = 7.1;
				ONLY_ACTIVE_ARCH = YES;
				SDKROOT = iphoneos;
			};
			name = Debug;
		};
		526DC372196EE19500178F93 /* Release */ = {
			isa = XCBuildConfiguration;
			buildSettings = {
				ALWAYS_SEARCH_USER_PATHS = NO;
				CLANG_CXX_LANGUAGE_STANDARD = "gnu++0x";
				CLANG_CXX_LIBRARY = "libc++";
				CLANG_ENABLE_MODULES = YES;
				CLANG_ENABLE_OBJC_ARC = YES;
				CLANG_WARN_BOOL_CONVERSION = YES;
				CLANG_WARN_CONSTANT_CONVERSION = YES;
				CLANG_WARN_DIRECT_OBJC_ISA_USAGE = YES_ERROR;
				CLANG_WARN_EMPTY_BODY = YES;
				CLANG_WARN_ENUM_CONVERSION = YES;
				CLANG_WARN_INT_CONVERSION = YES;
				CLANG_WARN_OBJC_ROOT_CLASS = YES_ERROR;
				CLANG_WARN__DUPLICATE_METHOD_MATCH = YES;
				"CODE_SIGN_IDENTITY[sdk=iphoneos*]" = "iPhone Developer";
				COPY_PHASE_STRIP = YES;
				ENABLE_NS_ASSERTIONS = NO;
				GCC_C_LANGUAGE_STANDARD = gnu99;
				GCC_WARN_64_TO_32_BIT_CONVERSION = YES;
				GCC_WARN_ABOUT_RETURN_TYPE = YES_ERROR;
				GCC_WARN_UNDECLARED_SELECTOR = YES;
				GCC_WARN_UNINITIALIZED_AUTOS = YES_AGGRESSIVE;
				GCC_WARN_UNUSED_FUNCTION = YES;
				GCC_WARN_UNUSED_VARIABLE = YES;
				IPHONEOS_DEPLOYMENT_TARGET = 7.1;
				SDKROOT = iphoneos;
				VALIDATE_PRODUCT = YES;
			};
			name = Release;
		};
		526DC374196EE19500178F93 /* Debug */ = {
			isa = XCBuildConfiguration;
			buildSettings = {
				ASSETCATALOG_COMPILER_APPICON_NAME = AppIcon;
				ASSETCATALOG_COMPILER_LAUNCHIMAGE_NAME = LaunchImage;
				GCC_PRECOMPILE_PREFIX_HEADER = YES;
				GCC_PREFIX_HEADER = "UITableController Challenge Solution/UITableController Challenge Solution-Prefix.pch";
				INFOPLIST_FILE = "UITableController Challenge Solution/UITableController Challenge Solution-Info.plist";
				PRODUCT_NAME = "$(TARGET_NAME)";
				WRAPPER_EXTENSION = app;
			};
			name = Debug;
		};
		526DC375196EE19500178F93 /* Release */ = {
			isa = XCBuildConfiguration;
			buildSettings = {
				ASSETCATALOG_COMPILER_APPICON_NAME = AppIcon;
				ASSETCATALOG_COMPILER_LAUNCHIMAGE_NAME = LaunchImage;
				GCC_PRECOMPILE_PREFIX_HEADER = YES;
				GCC_PREFIX_HEADER = "UITableController Challenge Solution/UITableController Challenge Solution-Prefix.pch";
				INFOPLIST_FILE = "UITableController Challenge Solution/UITableController Challenge Solution-Info.plist";
				PRODUCT_NAME = "$(TARGET_NAME)";
				WRAPPER_EXTENSION = app;
			};
			name = Release;
		};
		526DC377196EE19500178F93 /* Debug */ = {
			isa = XCBuildConfiguration;
			buildSettings = {
				BUNDLE_LOADER = "$(BUILT_PRODUCTS_DIR)/UITableController Challenge Solution.app/UITableController Challenge Solution";
				FRAMEWORK_SEARCH_PATHS = (
					"$(SDKROOT)/Developer/Library/Frameworks",
					"$(inherited)",
					"$(DEVELOPER_FRAMEWORKS_DIR)",
				);
				GCC_PRECOMPILE_PREFIX_HEADER = YES;
				GCC_PREFIX_HEADER = "UITableController Challenge Solution/UITableController Challenge Solution-Prefix.pch";
				GCC_PREPROCESSOR_DEFINITIONS = (
					"DEBUG=1",
					"$(inherited)",
				);
				INFOPLIST_FILE = "UITableController Challenge SolutionTests/UITableController Challenge SolutionTests-Info.plist";
				PRODUCT_NAME = "$(TARGET_NAME)";
				TEST_HOST = "$(BUNDLE_LOADER)";
				WRAPPER_EXTENSION = xctest;
			};
			name = Debug;
		};
		526DC378196EE19500178F93 /* Release */ = {
			isa = XCBuildConfiguration;
			buildSettings = {
				BUNDLE_LOADER = "$(BUILT_PRODUCTS_DIR)/UITableController Challenge Solution.app/UITableController Challenge Solution";
				FRAMEWORK_SEARCH_PATHS = (
					"$(SDKROOT)/Developer/Library/Frameworks",
					"$(inherited)",
					"$(DEVELOPER_FRAMEWORKS_DIR)",
				);
				GCC_PRECOMPILE_PREFIX_HEADER = YES;
				GCC_PREFIX_HEADER = "UITableController Challenge Solution/UITableController Challenge Solution-Prefix.pch";
				INFOPLIST_FILE = "UITableController Challenge SolutionTests/UITableController Challenge SolutionTests-Info.plist";
				PRODUCT_NAME = "$(TARGET_NAME)";
				TEST_HOST = "$(BUNDLE_LOADER)";
				WRAPPER_EXTENSION = xctest;
			};
			name = Release;
		};
/* End XCBuildConfiguration section */

/* Begin XCConfigurationList section */
		526DC33C196EE19500178F93 /* Build configuration list for PBXProject "UITableController Challenge Solution" */ = {
			isa = XCConfigurationList;
			buildConfigurations = (
				526DC371196EE19500178F93 /* Debug */,
				526DC372196EE19500178F93 /* Release */,
			);
			defaultConfigurationIsVisible = 0;
			defaultConfigurationName = Release;
		};
		526DC373196EE19500178F93 /* Build configuration list for PBXNativeTarget "UITableController Challenge Solution" */ = {
			isa = XCConfigurationList;
			buildConfigurations = (
				526DC374196EE19500178F93 /* Debug */,
				526DC375196EE19500178F93 /* Release */,
			);
			defaultConfigurationIsVisible = 0;
		};
		526DC376196EE19500178F93 /* Build configuration list for PBXNativeTarget "UITableController Challenge SolutionTests" */ = {
			isa = XCConfigurationList;
			buildConfigurations = (
				526DC377196EE19500178F93 /* Debug */,
				526DC378196EE19500178F93 /* Release */,
			);
			defaultConfigurationIsVisible = 0;
		};
/* End XCConfigurationList section */
	};
	rootObject = 526DC339196EE19500178F93 /* Project object */;
}
